// !$*UTF8*$!
{
	archiveVersion = 1;
	classes = {
	};
	objectVersion = 46;
	objects = {

/* Begin PBXBuildFile section */
		7F4A30F31C0B8911000E983A /* main.m in Sources */ = {isa = PBXBuildFile; fileRef = 7F4A30F21C0B8911000E983A /* main.m */; };
		7F4A30F61C0B8911000E983A /* AppDelegate.m in Sources */ = {isa = PBXBuildFile; fileRef = 7F4A30F51C0B8911000E983A /* AppDelegate.m */; };
		7F4A30F91C0B8911000E983A /* ViewController.m in Sources */ = {isa = PBXBuildFile; fileRef = 7F4A30F81C0B8911000E983A /* ViewController.m */; };
		7F4A30FC1C0B8911000E983A /* Main.storyboard in Resources */ = {isa = PBXBuildFile; fileRef = 7F4A30FA1C0B8911000E983A /* Main.storyboard */; };
		7F4A30FE1C0B8911000E983A /* Assets.xcassets in Resources */ = {isa = PBXBuildFile; fileRef = 7F4A30FD1C0B8911000E983A /* Assets.xcassets */; };
		7F4A31011C0B8911000E983A /* LaunchScreen.storyboard in Resources */ = {isa = PBXBuildFile; fileRef = 7F4A30FF1C0B8911000E983A /* LaunchScreen.storyboard */; };
		E7DB567008547A90064FDB6C /* libPods-UWMobile.a in Frameworks */ = {isa = PBXBuildFile; fileRef = 951D4A1F72DE20932DAEB715 /* libPods-UWMobile.a */; };
/* End PBXBuildFile section */

/* Begin PBXFileReference section */
		7F4A30EE1C0B8911000E983A /* UWMobile.app */ = {isa = PBXFileReference; explicitFileType = wrapper.application; includeInIndex = 0; path = UWMobile.app; sourceTree = BUILT_PRODUCTS_DIR; };
		7F4A30F21C0B8911000E983A /* main.m */ = {isa = PBXFileReference; lastKnownFileType = sourcecode.c.objc; path = main.m; sourceTree = "<group>"; };
		7F4A30F41C0B8911000E983A /* AppDelegate.h */ = {isa = PBXFileReference; lastKnownFileType = sourcecode.c.h; path = AppDelegate.h; sourceTree = "<group>"; };
		7F4A30F51C0B8911000E983A /* AppDelegate.m */ = {isa = PBXFileReference; lastKnownFileType = sourcecode.c.objc; path = AppDelegate.m; sourceTree = "<group>"; };
		7F4A30F71C0B8911000E983A /* ViewController.h */ = {isa = PBXFileReference; lastKnownFileType = sourcecode.c.h; path = ViewController.h; sourceTree = "<group>"; };
		7F4A30F81C0B8911000E983A /* ViewController.m */ = {isa = PBXFileReference; lastKnownFileType = sourcecode.c.objc; path = ViewController.m; sourceTree = "<group>"; };
		7F4A30FB1C0B8911000E983A /* Base */ = {isa = PBXFileReference; lastKnownFileType = file.storyboard; name = Base; path = Base.lproj/Main.storyboard; sourceTree = "<group>"; };
		7F4A30FD1C0B8911000E983A /* Assets.xcassets */ = {isa = PBXFileReference; lastKnownFileType = folder.assetcatalog; path = Assets.xcassets; sourceTree = "<group>"; };
		7F4A31001C0B8911000E983A /* Base */ = {isa = PBXFileReference; lastKnownFileType = file.storyboard; name = Base; path = Base.lproj/LaunchScreen.storyboard; sourceTree = "<group>"; };
		7F4A31021C0B8911000E983A /* Info.plist */ = {isa = PBXFileReference; lastKnownFileType = text.plist.xml; path = Info.plist; sourceTree = "<group>"; };
		951D4A1F72DE20932DAEB715 /* libPods-UWMobile.a */ = {isa = PBXFileReference; explicitFileType = archive.ar; includeInIndex = 0; path = "libPods-UWMobile.a"; sourceTree = BUILT_PRODUCTS_DIR; };
		A4BFB59C68D1920DAB98E0AA /* Pods-UWMobile.release.xcconfig */ = {isa = PBXFileReference; includeInIndex = 1; lastKnownFileType = text.xcconfig; name = "Pods-UWMobile.release.xcconfig"; path = "Pods/Target Support Files/Pods-UWMobile/Pods-UWMobile.release.xcconfig"; sourceTree = "<group>"; };
		C02D4E1C405A1619A343DB9F /* Pods-UWMobile.debug.xcconfig */ = {isa = PBXFileReference; includeInIndex = 1; lastKnownFileType = text.xcconfig; name = "Pods-UWMobile.debug.xcconfig"; path = "Pods/Target Support Files/Pods-UWMobile/Pods-UWMobile.debug.xcconfig"; sourceTree = "<group>"; };
/* End PBXFileReference section */

/* Begin PBXFrameworksBuildPhase section */
		7F4A30EB1C0B8911000E983A /* Frameworks */ = {
			isa = PBXFrameworksBuildPhase;
			buildActionMask = 2147483647;
			files = (
				E7DB567008547A90064FDB6C /* libPods-UWMobile.a in Frameworks */,
			);
			runOnlyForDeploymentPostprocessing = 0;
		};
/* End PBXFrameworksBuildPhase section */

/* Begin PBXGroup section */
		7F4A30E51C0B8911000E983A = {
			isa = PBXGroup;
			children = (
				7F4A30F01C0B8911000E983A /* UWMobile */,
				7F4A30EF1C0B8911000E983A /* Products */,
				C0A5298BA0A2EEB2ED57F073 /* Pods */,
				A087C7880888F24F2CF49210 /* Frameworks */,
			);
			sourceTree = "<group>";
		};
		7F4A30EF1C0B8911000E983A /* Products */ = {
			isa = PBXGroup;
			children = (
				7F4A30EE1C0B8911000E983A /* UWMobile.app */,
			);
			name = Products;
			sourceTree = "<group>";
		};
		7F4A30F01C0B8911000E983A /* UWMobile */ = {
			isa = PBXGroup;
			children = (
				7F4A30F41C0B8911000E983A /* AppDelegate.h */,
				7F4A30F51C0B8911000E983A /* AppDelegate.m */,
				7F4A30F71C0B8911000E983A /* ViewController.h */,
				7F4A30F81C0B8911000E983A /* ViewController.m */,
				7F4A30FA1C0B8911000E983A /* Main.storyboard */,
				7F4A30FD1C0B8911000E983A /* Assets.xcassets */,
				7F4A30FF1C0B8911000E983A /* LaunchScreen.storyboard */,
				7F4A31021C0B8911000E983A /* Info.plist */,
				7F4A30F11C0B8911000E983A /* Supporting Files */,
			);
			path = UWMobile;
			sourceTree = "<group>";
		};
		7F4A30F11C0B8911000E983A /* Supporting Files */ = {
			isa = PBXGroup;
			children = (
				7F4A30F21C0B8911000E983A /* main.m */,
			);
			name = "Supporting Files";
			sourceTree = "<group>";
		};
		A087C7880888F24F2CF49210 /* Frameworks */ = {
			isa = PBXGroup;
			children = (
				951D4A1F72DE20932DAEB715 /* libPods-UWMobile.a */,
			);
			name = Frameworks;
			sourceTree = "<group>";
		};
		C0A5298BA0A2EEB2ED57F073 /* Pods */ = {
			isa = PBXGroup;
			children = (
				C02D4E1C405A1619A343DB9F /* Pods-UWMobile.debug.xcconfig */,
				A4BFB59C68D1920DAB98E0AA /* Pods-UWMobile.release.xcconfig */,
			);
			name = Pods;
			sourceTree = "<group>";
		};
/* End PBXGroup section */

/* Begin PBXNativeTarget section */
		7F4A30ED1C0B8911000E983A /* UWMobile */ = {
			isa = PBXNativeTarget;
			buildConfigurationList = 7F4A31051C0B8911000E983A /* Build configuration list for PBXNativeTarget "UWMobile" */;
			buildPhases = (
				556343697A6A96504F53F187 /* Check Pods Manifest.lock */,
				7F4A30EA1C0B8911000E983A /* Sources */,
				7F4A30EB1C0B8911000E983A /* Frameworks */,
				7F4A30EC1C0B8911000E983A /* Resources */,
				20B9FA937675F0536F23739F /* Embed Pods Frameworks */,
				0CFCC517103019441FEA5465 /* Copy Pods Resources */,
			);
			buildRules = (
			);
			dependencies = (
			);
			name = UWMobile;
			productName = UWMobile;
			productReference = 7F4A30EE1C0B8911000E983A /* UWMobile.app */;
			productType = "com.apple.product-type.application";
		};
/* End PBXNativeTarget section */

/* Begin PBXProject section */
		7F4A30E61C0B8911000E983A /* Project object */ = {
			isa = PBXProject;
			attributes = {
				LastUpgradeCheck = 0710;
				ORGANIZATIONNAME = "Marcos Garcia";
				TargetAttributes = {
					7F4A30ED1C0B8911000E983A = {
						CreatedOnToolsVersion = 7.1.1;
					};
				};
			};
			buildConfigurationList = 7F4A30E91C0B8911000E983A /* Build configuration list for PBXProject "UWMobile" */;
			compatibilityVersion = "Xcode 3.2";
			developmentRegion = English;
			hasScannedForEncodings = 0;
			knownRegions = (
				en,
				Base,
			);
			mainGroup = 7F4A30E51C0B8911000E983A;
			productRefGroup = 7F4A30EF1C0B8911000E983A /* Products */;
			projectDirPath = "";
			projectRoot = "";
			targets = (
				7F4A30ED1C0B8911000E983A /* UWMobile */,
			);
		};
/* End PBXProject section */

/* Begin PBXResourcesBuildPhase section */
		7F4A30EC1C0B8911000E983A /* Resources */ = {
			isa = PBXResourcesBuildPhase;
			buildActionMask = 2147483647;
			files = (
				7F4A31011C0B8911000E983A /* LaunchScreen.storyboard in Resources */,
				7F4A30FE1C0B8911000E983A /* Assets.xcassets in Resources */,
				7F4A30FC1C0B8911000E983A /* Main.storyboard in Resources */,
			);
			runOnlyForDeploymentPostprocessing = 0;
		};
/* End PBXResourcesBuildPhase section */

/* Begin PBXShellScriptBuildPhase section */
		0CFCC517103019441FEA5465 /* Copy Pods Resources */ = {
			isa = PBXShellScriptBuildPhase;
			buildActionMask = 2147483647;
			files = (
			);
			inputPaths = (
			);
			name = "Copy Pods Resources";
			outputPaths = (
			);
			runOnlyForDeploymentPostprocessing = 0;
			shellPath = /bin/sh;
			shellScript = "\"${SRCROOT}/Pods/Target Support Files/Pods-UWMobile/Pods-UWMobile-resources.sh\"\n";
			showEnvVarsInLog = 0;
		};
		20B9FA937675F0536F23739F /* Embed Pods Frameworks */ = {
			isa = PBXShellScriptBuildPhase;
			buildActionMask = 2147483647;
			files = (
			);
			inputPaths = (
			);
			name = "Embed Pods Frameworks";
			outputPaths = (
			);
			runOnlyForDeploymentPostprocessing = 0;
			shellPath = /bin/sh;
			shellScript = "\"${SRCROOT}/Pods/Target Support Files/Pods-UWMobile/Pods-UWMobile-frameworks.sh\"\n";
			showEnvVarsInLog = 0;
		};
		556343697A6A96504F53F187 /* Check Pods Manifest.lock */ = {
			isa = PBXShellScriptBuildPhase;
			buildActionMask = 2147483647;
			files = (
			);
			inputPaths = (
			);
			name = "Check Pods Manifest.lock";
			outputPaths = (
			);
			runOnlyForDeploymentPostprocessing = 0;
			shellPath = /bin/sh;
			shellScript = "diff \"${PODS_ROOT}/../Podfile.lock\" \"${PODS_ROOT}/Manifest.lock\" > /dev/null\nif [[ $? != 0 ]] ; then\n    cat << EOM\nerror: The sandbox is not in sync with the Podfile.lock. Run 'pod install' or update your CocoaPods installation.\nEOM\n    exit 1\nfi\n";
			showEnvVarsInLog = 0;
		};
/* End PBXShellScriptBuildPhase section */

/* Begin PBXSourcesBuildPhase section */
		7F4A30EA1C0B8911000E983A /* Sources */ = {
			isa = PBXSourcesBuildPhase;
			buildActionMask = 2147483647;
			files = (
				7F4A30F91C0B8911000E983A /* ViewController.m in Sources */,
				7F4A30F61C0B8911000E983A /* AppDelegate.m in Sources */,
				7F4A30F31C0B8911000E983A /* main.m in Sources */,
			);
			runOnlyForDeploymentPostprocessing = 0;
		};
/* End PBXSourcesBuildPhase section */

/* Begin PBXVariantGroup section */
		7F4A30FA1C0B8911000E983A /* Main.storyboard */ = {
			isa = PBXVariantGroup;
			children = (
				7F4A30FB1C0B8911000E983A /* Base */,
			);
			name = Main.storyboard;
			sourceTree = "<group>";
		};
		7F4A30FF1C0B8911000E983A /* LaunchScreen.storyboard */ = {
			isa = PBXVariantGroup;
			children = (
				7F4A31001C0B8911000E983A /* Base */,
			);
			name = LaunchScreen.storyboard;
			sourceTree = "<group>";
		};
/* End PBXVariantGroup section */

/* Begin XCBuildConfiguration section */
		7F4A31031C0B8911000E983A /* Debug */ = {
			isa = XCBuildConfiguration;
			buildSettings = {
				ALWAYS_SEARCH_USER_PATHS = NO;
				CLANG_CXX_LANGUAGE_STANDARD = "gnu++0x";
				CLANG_CXX_LIBRARY = "libc++";
				CLANG_ENABLE_MODULES = YES;
				CLANG_ENABLE_OBJC_ARC = YES;
				CLANG_WARN_BOOL_CONVERSION = YES;
				CLANG_WARN_CONSTANT_CONVERSION = YES;
				CLANG_WARN_DIRECT_OBJC_ISA_USAGE = YES_ERROR;
				CLANG_WARN_EMPTY_BODY = YES;
				CLANG_WARN_ENUM_CONVERSION = YES;
				CLANG_WARN_INT_CONVERSION = YES;
				CLANG_WARN_OBJC_ROOT_CLASS = YES_ERROR;
				CLANG_WARN_UNREACHABLE_CODE = YES;
				CLANG_WARN__DUPLICATE_METHOD_MATCH = YES;
				"CODE_SIGN_IDENTITY[sdk=iphoneos*]" = "iPhone Developer";
				COPY_PHASE_STRIP = NO;
				DEBUG_INFORMATION_FORMAT = dwarf;
				ENABLE_STRICT_OBJC_MSGSEND = YES;
				ENABLE_TESTABILITY = YES;
				GCC_C_LANGUAGE_STANDARD = gnu99;
				GCC_DYNAMIC_NO_PIC = NO;
				GCC_NO_COMMON_BLOCKS = YES;
				GCC_OPTIMIZATION_LEVEL = 0;
				GCC_PREPROCESSOR_DEFINITIONS = (
					"DEBUG=1",
					"$(inherited)",
				);
				GCC_WARN_64_TO_32_BIT_CONVERSION = YES;
				GCC_WARN_ABOUT_RETURN_TYPE = YES_ERROR;
				GCC_WARN_UNDECLARED_SELECTOR = YES;
				GCC_WARN_UNINITIALIZED_AUTOS = YES_AGGRESSIVE;
				GCC_WARN_UNUSED_FUNCTION = YES;
				GCC_WARN_UNUSED_VARIABLE = YES;
				IPHONEOS_DEPLOYMENT_TARGET = 9.1;
				MTL_ENABLE_DEBUG_INFO = YES;
				ONLY_ACTIVE_ARCH = YES;
				SDKROOT = iphoneos;
			};
			name = Debug;
		};
		7F4A31041C0B8911000E983A /* Release */ = {
			isa = XCBuildConfiguration;
			buildSettings = {
				ALWAYS_SEARCH_USER_PATHS = NO;
				CLANG_CXX_LANGUAGE_STANDARD = "gnu++0x";
				CLANG_CXX_LIBRARY = "libc++";
				CLANG_ENABLE_MODULES = YES;
				CLANG_ENABLE_OBJC_ARC = YES;
				CLANG_WARN_BOOL_CONVERSION = YES;
				CLANG_WARN_CONSTANT_CONVERSION = YES;
				CLANG_WARN_DIRECT_OBJC_ISA_USAGE = YES_ERROR;
				CLANG_WARN_EMPTY_BODY = YES;
				CLANG_WARN_ENUM_CONVERSION = YES;
				CLANG_WARN_INT_CONVERSION = YES;
				CLANG_WARN_OBJC_ROOT_CLASS = YES_ERROR;
				CLANG_WARN_UNREACHABLE_CODE = YES;
				CLANG_WARN__DUPLICATE_METHOD_MATCH = YES;
				"CODE_SIGN_IDENTITY[sdk=iphoneos*]" = "iPhone Developer";
				COPY_PHASE_STRIP = NO;
				DEBUG_INFORMATION_FORMAT = "dwarf-with-dsym";
				ENABLE_NS_ASSERTIONS = NO;
				ENABLE_STRICT_OBJC_MSGSEND = YES;
				GCC_C_LANGUAGE_STANDARD = gnu99;
				GCC_NO_COMMON_BLOCKS = YES;
				GCC_WARN_64_TO_32_BIT_CONVERSION = YES;
				GCC_WARN_ABOUT_RETURN_TYPE = YES_ERROR;
				GCC_WARN_UNDECLARED_SELECTOR = YES;
				GCC_WARN_UNINITIALIZED_AUTOS = YES_AGGRESSIVE;
				GCC_WARN_UNUSED_FUNCTION = YES;
				GCC_WARN_UNUSED_VARIABLE = YES;
				IPHONEOS_DEPLOYMENT_TARGET = 9.1;
				MTL_ENABLE_DEBUG_INFO = NO;
				SDKROOT = iphoneos;
				VALIDATE_PRODUCT = YES;
			};
			name = Release;
		};
		7F4A31061C0B8911000E983A /* Debug */ = {
			isa = XCBuildConfiguration;
			baseConfigurationReference = C02D4E1C405A1619A343DB9F /* Pods-UWMobile.debug.xcconfig */;
			buildSettings = {
				ASSETCATALOG_COMPILER_APPICON_NAME = AppIcon;
				INFOPLIST_FILE = UWMobile/Info.plist;
				LD_RUNPATH_SEARCH_PATHS = "$(inherited) @executable_path/Frameworks";
				PRODUCT_BUNDLE_IDENTIFIER = com.marcosgn1.UWMobile;
				PRODUCT_NAME = "$(TARGET_NAME)";
			};
			name = Debug;
		};
		7F4A31071C0B8911000E983A /* Release */ = {
			isa = XCBuildConfiguration;
			baseConfigurationReference = A4BFB59C68D1920DAB98E0AA /* Pods-UWMobile.release.xcconfig */;
			buildSettings = {
				ASSETCATALOG_COMPILER_APPICON_NAME = AppIcon;
				INFOPLIST_FILE = UWMobile/Info.plist;
				LD_RUNPATH_SEARCH_PATHS = "$(inherited) @executable_path/Frameworks";
				PRODUCT_BUNDLE_IDENTIFIER = com.marcosgn1.UWMobile;
				PRODUCT_NAME = "$(TARGET_NAME)";
			};
			name = Release;
		};
/* End XCBuildConfiguration section */

/* Begin XCConfigurationList section */
		7F4A30E91C0B8911000E983A /* Build configuration list for PBXProject "UWMobile" */ = {
			isa = XCConfigurationList;
			buildConfigurations = (
				7F4A31031C0B8911000E983A /* Debug */,
				7F4A31041C0B8911000E983A /* Release */,
			);
			defaultConfigurationIsVisible = 0;
			defaultConfigurationName = Release;
		};
		7F4A31051C0B8911000E983A /* Build configuration list for PBXNativeTarget "UWMobile" */ = {
			isa = XCConfigurationList;
			buildConfigurations = (
				7F4A31061C0B8911000E983A /* Debug */,
				7F4A31071C0B8911000E983A /* Release */,
			);
			defaultConfigurationIsVisible = 0;
			defaultConfigurationName = Release;
		};
/* End XCConfigurationList section */
	};
	rootObject = 7F4A30E61C0B8911000E983A /* Project object */;
}
